
Microsoft Visual Studio Solution File, Format Version 12.00
# Visual Studio Express 2013 for Windows Desktop
VisualStudioVersion = 12.0.21005.1
MinimumVisualStudioVersion = 10.0.40219.1
Project("{FAE04EC0-301F-11D3-BF4B-00C04F79EFBC}") = "RepositoryExtensions", "RepositoryExtensions\RepositoryExtensions.csproj", "{C6CCBBF3-E242-4B93-BBEE-56F7BC223BC5}"
EndProject
Project("{FAE04EC0-301F-11D3-BF4B-00C04F79EFBC}") = "RepositoryExtensions.Data", "RepositoryExtensions.Data\RepositoryExtensions.Data.csproj", "{50F79F97-AEA8-41F5-9842-4CE77226E30E}"
EndProject
Project("{FAE04EC0-301F-11D3-BF4B-00C04F79EFBC}") = "RepositoryExtensions.Core", "RepositoryExtensions.Core\RepositoryExtensions.Core.csproj", "{B2D6D921-238D-4C18-85A5-CBDE59E59DA7}"
EndProject
Project("{FAE04EC0-301F-11D3-BF4B-00C04F79EFBC}") = "RepositoryExtensions.Utilities", "RepositoryExtensions.Utilities\RepositoryExtensions.Utilities.csproj", "{6A0A4D94-112C-4DDB-9AE8-C105A7F18A0F}"
EndProject
Global
	GlobalSection(SolutionConfigurationPlatforms) = preSolution
		Debug|Any CPU = Debug|Any CPU
		Release|Any CPU = Release|Any CPU
	EndGlobalSection
	GlobalSection(ProjectConfigurationPlatforms) = postSolution
		{C6CCBBF3-E242-4B93-BBEE-56F7BC223BC5}.Debug|Any CPU.ActiveCfg = Debug|Any CPU
		{C6CCBBF3-E242-4B93-BBEE-56F7BC223BC5}.Debug|Any CPU.Build.0 = Debug|Any CPU
		{C6CCBBF3-E242-4B93-BBEE-56F7BC223BC5}.Release|Any CPU.ActiveCfg = Release|Any CPU
		{C6CCBBF3-E242-4B93-BBEE-56F7BC223BC5}.Release|Any CPU.Build.0 = Release|Any CPU
		{50F79F97-AEA8-41F5-9842-4CE77226E30E}.Debug|Any CPU.ActiveCfg = Debug|Any CPU
		{50F79F97-AEA8-41F5-9842-4CE77226E30E}.Debug|Any CPU.Build.0 = Debug|Any CPU
		{50F79F97-AEA8-41F5-9842-4CE77226E30E}.Release|Any CPU.ActiveCfg = Release|Any CPU
		{50F79F97-AEA8-41F5-9842-4CE77226E30E}.Release|Any CPU.Build.0 = Release|Any CPU
		{B2D6D921-238D-4C18-85A5-CBDE59E59DA7}.Debug|Any CPU.ActiveCfg = Debug|Any CPU
		{B2D6D921-238D-4C18-85A5-CBDE59E59DA7}.Debug|Any CPU.Build.0 = Debug|Any CPU
		{B2D6D921-238D-4C18-85A5-CBDE59E59DA7}.Release|Any CPU.ActiveCfg = Release|Any CPU
		{B2D6D921-238D-4C18-85A5-CBDE59E59DA7}.Release|Any CPU.Build.0 = Release|Any CPU
		{6A0A4D94-112C-4DDB-9AE8-C105A7F18A0F}.Debug|Any CPU.ActiveCfg = Debug|Any CPU
		{6A0A4D94-112C-4DDB-9AE8-C105A7F18A0F}.Debug|Any CPU.Build.0 = Debug|Any CPU
		{6A0A4D94-112C-4DDB-9AE8-C105A7F18A0F}.Release|Any CPU.ActiveCfg = Release|Any CPU
		{6A0A4D94-112C-4DDB-9AE8-C105A7F18A0F}.Release|Any CPU.Build.0 = Release|Any CPU
	EndGlobalSection
	GlobalSection(SolutionProperties) = preSolution
		HideSolutionNode = FALSE
	EndGlobalSection
EndGlobal
